{
  "name": "360view-test",
  "version": "1.0.0",
  "lockfileVersion": 1,
  "requires": true,
  "dependencies": {
    "360-image-viewer": {
      "version": "1.0.1",
      "resolved": "https://registry.npmjs.org/360-image-viewer/-/360-image-viewer-1.0.1.tgz",
      "integrity": "sha512-ywIH6y/r2tddUUSTahi4RWBowXPp7eOQQXyrDSIAov9wrT9O92rSh5/Wz4d+DJUw81pjDFVhbbwwWEnF+Fj9jQ==",
      "requires": {
        "defined": "^1.0.0",
        "object-assign": "^4.1.1",
        "orbit-controls": "^1.2.0",
        "perspective-camera": "^2.0.1",
        "primitive-sphere": "^3.0.0",
        "raf-loop": "^1.1.3",
        "regl": "^1.3.0"
      }
    },
    "camera-picking-ray": {
      "version": "1.0.1",
      "resolved": "https://registry.npmjs.org/camera-picking-ray/-/camera-picking-ray-1.0.1.tgz",
      "integrity": "sha1-SVZ6Ttwt5bwT5Lb9lZUgvxOjBJA=",
      "requires": {
        "camera-unproject": "^1.0.1",
        "gl-vec3": "^1.0.3"
      }
    },
    "camera-project": {
      "version": "1.0.2",
      "resolved": "https://registry.npmjs.org/camera-project/-/camera-project-1.0.2.tgz",
      "integrity": "sha1-0daWxaoWTO6S4hu5IqulK2wKJd4=",
      "requires": {
        "gl-vec4": "^1.0.1"
      }
    },
    "camera-unproject": {
      "version": "1.0.1",
      "resolved": "https://registry.npmjs.org/camera-unproject/-/camera-unproject-1.0.1.tgz",
      "integrity": "sha1-hpJ6nW1TQKjJ422oQPfMttbaEs8="
    },
    "canvas-fit": {
      "version": "1.5.0",
      "resolved": "https://registry.npmjs.org/canvas-fit/-/canvas-fit-1.5.0.tgz",
      "integrity": "sha1-rhO+Zq3kL1vg5IfjRfzjCl5bXl8=",
      "requires": {
        "element-size": "^1.1.1"
      }
    },
    "clamp": {
      "version": "1.0.1",
      "resolved": "https://registry.npmjs.org/clamp/-/clamp-1.0.1.tgz",
      "integrity": "sha1-ZqDmQBGBbjcZaCj9yMjBRzEshjQ="
    },
    "defined": {
      "version": "1.0.0",
      "resolved": "https://registry.npmjs.org/defined/-/defined-1.0.0.tgz",
      "integrity": "sha1-yY2bzvdWdBiOEQlpFRGZ45sfppM="
    },
    "dprop": {
      "version": "1.0.0",
      "resolved": "https://registry.npmjs.org/dprop/-/dprop-1.0.0.tgz",
      "integrity": "sha1-X0WmCmD6OsHQ9otrQ1gx8v9mVGg="
    },
    "element-size": {
      "version": "1.1.1",
      "resolved": "https://registry.npmjs.org/element-size/-/element-size-1.1.1.tgz",
      "integrity": "sha1-ZOXxWdlxIWMYRby67K8nnDm1404="
    },
    "events": {
      "version": "1.1.1",
      "resolved": "https://registry.npmjs.org/events/-/events-1.1.1.tgz",
      "integrity": "sha1-nr23Y1rQmccNzEwqH1AEKI6L2SQ="
    },
    "gl-mat3": {
      "version": "1.0.0",
      "resolved": "https://registry.npmjs.org/gl-mat3/-/gl-mat3-1.0.0.tgz",
      "integrity": "sha1-iWMyGcpCk3mha5GF2V1BcTRTuRI="
    },
    "gl-mat4": {
      "version": "1.2.0",
      "resolved": "https://registry.npmjs.org/gl-mat4/-/gl-mat4-1.2.0.tgz",
      "integrity": "sha512-sT5C0pwB1/e9G9AvAoLsoaJtbMGjfd/jfxo8jMCKqYYEnjZuFvqV5rehqar0538EmssjdDeiEWnKyBSTw7quoA=="
    },
    "gl-quat": {
      "version": "1.0.0",
      "resolved": "https://registry.npmjs.org/gl-quat/-/gl-quat-1.0.0.tgz",
      "integrity": "sha1-CUXskjOG9FMpvl3DV7HIwtR1hsU=",
      "requires": {
        "gl-mat3": "^1.0.0",
        "gl-vec3": "^1.0.3",
        "gl-vec4": "^1.0.0"
      }
    },
    "gl-vec2": {
      "version": "1.3.0",
      "resolved": "https://registry.npmjs.org/gl-vec2/-/gl-vec2-1.3.0.tgz",
      "integrity": "sha512-YiqaAuNsheWmUV0Sa8k94kBB0D6RWjwZztyO+trEYS8KzJ6OQB/4686gdrf59wld4hHFIvaxynO3nRxpk1Ij/A=="
    },
    "gl-vec3": {
      "version": "1.1.3",
      "resolved": "https://registry.npmjs.org/gl-vec3/-/gl-vec3-1.1.3.tgz",
      "integrity": "sha512-jduKUqT0SGH02l8Yl+mV1yVsDfYgQAJyXGxkJQGyxPLHRiW25DwVIRPt6uvhrEMHftJfqhqKthRcyZqNEl9Xdw=="
    },
    "gl-vec4": {
      "version": "1.0.1",
      "resolved": "https://registry.npmjs.org/gl-vec4/-/gl-vec4-1.0.1.tgz",
      "integrity": "sha1-l9loeCgbFLUyy84QF4Xf0cs0CWQ="
    },
    "inherits": {
      "version": "2.0.3",
      "resolved": "https://registry.npmjs.org/inherits/-/inherits-2.0.3.tgz",
      "integrity": "sha1-Yzwsg+PaQqUC9SRmAiSA9CCCYd4="
    },
    "mouse-event-offset": {
      "version": "3.0.2",
      "resolved": "https://registry.npmjs.org/mouse-event-offset/-/mouse-event-offset-3.0.2.tgz",
      "integrity": "sha1-39hqbiSMa6jK1TuQXVA3ogY+mYQ="
    },
    "mouse-wheel": {
      "version": "1.2.0",
      "resolved": "https://registry.npmjs.org/mouse-wheel/-/mouse-wheel-1.2.0.tgz",
      "integrity": "sha1-bSkDseqPtI5h8bU7kDZ3PwQs21w=",
      "requires": {
        "right-now": "^1.0.0",
        "signum": "^1.0.0",
        "to-px": "^1.0.1"
      }
    },
    "object-assign": {
      "version": "4.1.1",
      "resolved": "https://registry.npmjs.org/object-assign/-/object-assign-4.1.1.tgz",
      "integrity": "sha1-IQmtx5ZYh8/AXLvUQsrIv7s2CGM="
    },
    "orbit-controls": {
      "version": "1.2.4",
      "resolved": "https://registry.npmjs.org/orbit-controls/-/orbit-controls-1.2.4.tgz",
      "integrity": "sha512-2x2MTDYrBlJEapwsPfsHcerh1WxSRHZW1i/EmNyeqTVrGPor9XR1cxQPTBahlGnYNxr6P6/kxvl8gLropxuQoA==",
      "requires": {
        "clamp": "^1.0.1",
        "defined": "^1.0.0",
        "gl-quat": "^1.0.0",
        "gl-vec3": "^1.0.3",
        "mouse-event-offset": "^3.0.2",
        "mouse-wheel": "^1.2.0",
        "quat-from-unit-vec3": "^1.0.0",
        "touch-pinch": "^1.0.0"
      }
    },
    "parse-unit": {
      "version": "1.0.1",
      "resolved": "https://registry.npmjs.org/parse-unit/-/parse-unit-1.0.1.tgz",
      "integrity": "sha1-fhu21b7zh0wo45JSaiVBFwKR7s8="
    },
    "performance-now": {
      "version": "2.1.0",
      "resolved": "https://registry.npmjs.org/performance-now/-/performance-now-2.1.0.tgz",
      "integrity": "sha1-Ywn04OX6kT7BxpMHrjZLSzd8nns="
    },
    "perspective-camera": {
      "version": "2.0.1",
      "resolved": "https://registry.npmjs.org/perspective-camera/-/perspective-camera-2.0.1.tgz",
      "integrity": "sha1-dZPkfroLcDi4HOaY2zRPElo7NiU=",
      "requires": {
        "camera-picking-ray": "^1.0.0",
        "camera-project": "^1.0.2",
        "camera-unproject": "^1.0.1",
        "defined": "^1.0.0",
        "gl-mat4": "^1.1.3",
        "gl-vec3": "^1.0.3",
        "object-assign": "^2.0.0",
        "ray-3d": "^1.0.2"
      },
      "dependencies": {
        "object-assign": {
          "version": "2.1.1",
          "resolved": "https://registry.npmjs.org/object-assign/-/object-assign-2.1.1.tgz",
          "integrity": "sha1-Q8NuXVaf+OSBbE76i+AtJpZ8GKo="
        }
      }
    },
    "primitive-sphere": {
      "version": "3.0.0",
      "resolved": "https://registry.npmjs.org/primitive-sphere/-/primitive-sphere-3.0.0.tgz",
      "integrity": "sha1-dgm9pfb2ySUiE++jEnBg7mXm9zI=",
      "requires": {
        "gl-mat4": "^1.1.4",
        "gl-vec3": "^1.0.3"
      }
    },
    "quat-from-unit-vec3": {
      "version": "1.0.0",
      "resolved": "https://registry.npmjs.org/quat-from-unit-vec3/-/quat-from-unit-vec3-1.0.0.tgz",
      "integrity": "sha1-2tA+dFkmofqkV0wrWrsF1coXzJ0=",
      "requires": {
        "gl-quat": "^1.0.0",
        "gl-vec3": "^1.0.3"
      }
    },
    "raf": {
      "version": "3.4.1",
      "resolved": "https://registry.npmjs.org/raf/-/raf-3.4.1.tgz",
      "integrity": "sha512-Sq4CW4QhwOHE8ucn6J34MqtZCeWFP2aQSmrlroYgqAV1PjStIhJXxYuTgUIfkEk7zTLjmIjLmU5q+fbD1NnOJA==",
      "requires": {
        "performance-now": "^2.1.0"
      }
    },
    "raf-loop": {
      "version": "1.1.3",
      "resolved": "https://registry.npmjs.org/raf-loop/-/raf-loop-1.1.3.tgz",
      "integrity": "sha1-h0emmilhUZcgaVS85HfT5l5lkpk=",
      "requires": {
        "events": "^1.0.2",
        "inherits": "^2.0.1",
        "raf": "^3.0.0",
        "right-now": "^1.0.0"
      }
    },
    "ray-3d": {
      "version": "1.1.1",
      "resolved": "https://registry.npmjs.org/ray-3d/-/ray-3d-1.1.1.tgz",
      "integrity": "sha1-c4ARNbVnhmhQiBpcBmVYU/LhAnM=",
      "requires": {
        "gl-vec3": "^1.0.3",
        "ray-aabb-intersection": "^1.0.1",
        "ray-plane-intersection": "^1.0.0",
        "ray-sphere-intersection": "^1.0.0",
        "ray-triangle-intersection": "^1.0.3"
      }
    },
    "ray-aabb-intersection": {
      "version": "1.0.1",
      "resolved": "https://registry.npmjs.org/ray-aabb-intersection/-/ray-aabb-intersection-1.0.1.tgz",
      "integrity": "sha1-LrUQIo19kiL9yBZ+Zzeq1zZm3Mc="
    },
    "ray-plane-intersection": {
      "version": "1.0.0",
      "resolved": "https://registry.npmjs.org/ray-plane-intersection/-/ray-plane-intersection-1.0.0.tgz",
      "integrity": "sha1-djvhzQTt2tGEevbV5wlBtzAqR7s=",
      "requires": {
        "gl-vec3": "^1.0.3"
      }
    },
    "ray-sphere-intersection": {
      "version": "1.0.0",
      "resolved": "https://registry.npmjs.org/ray-sphere-intersection/-/ray-sphere-intersection-1.0.0.tgz",
      "integrity": "sha1-fyM9HU269SZXV8mCZTL1Ox5O6so=",
      "requires": {
        "gl-vec3": "^1.0.3"
      }
    },
    "ray-triangle-intersection": {
      "version": "1.0.3",
      "resolved": "https://registry.npmjs.org/ray-triangle-intersection/-/ray-triangle-intersection-1.0.3.tgz",
      "integrity": "sha1-jqjy84NYC9q9NvXlE1nPceEHTTQ=",
      "requires": {
        "gl-vec3": "^1.0.2"
      }
    },
    "regl": {
      "version": "1.3.11",
      "resolved": "https://registry.npmjs.org/regl/-/regl-1.3.11.tgz",
      "integrity": "sha512-tmt6CRhRqbcsYDWNwv+iG7GGOXdgoOBC7lKzoPMgnzpt3WKBQ3c8i7AxgbvTRZzty29hrW92fAJeZkPFQehfWA=="
    },
    "right-now": {
      "version": "1.0.0",
      "resolved": "https://registry.npmjs.org/right-now/-/right-now-1.0.0.tgz",
      "integrity": "sha1-bolgne69fc2vja7Mmuo5z1haCRg="
    },
    "signum": {
      "version": "1.0.0",
      "resolved": "https://registry.npmjs.org/signum/-/signum-1.0.0.tgz",
      "integrity": "sha1-dKfSvyogtA66FqkrFSEk8dVZ+nc="
    },
    "to-px": {
      "version": "1.1.0",
      "resolved": "https://registry.npmjs.org/to-px/-/to-px-1.1.0.tgz",
      "integrity": "sha512-bfg3GLYrGoEzrGoE05TAL/Uw+H/qrf2ptr9V3W7U0lkjjyYnIfgxmVLUfhQ1hZpIQwin81uxhDjvUkDYsC0xWw==",
      "requires": {
        "parse-unit": "^1.0.1"
      }
    },
    "touch-pinch": {
      "version": "1.0.1",
      "resolved": "https://registry.npmjs.org/touch-pinch/-/touch-pinch-1.0.1.tgz",
      "integrity": "sha1-UvKu7iYxOXMFcNDM341EOpKzs20=",
      "requires": {
        "dprop": "^1.0.0",
        "events": "^1.0.2",
        "gl-vec2": "^1.0.0",
        "mouse-event-offset": "^3.0.2"
      }
    }
  }
}
